
Microsoft Visual Studio Solution File, Format Version 12.00
# Visual Studio Version 16
VisualStudioVersion = 16.0.30907.101
MinimumVisualStudioVersion = 10.0.40219.1
Project("{FAE04EC0-301F-11D3-BF4B-00C04F79EFBC}") = "DoomsdayManager", "DoomsdayManager\DoomsdayManager.csproj", "{667D9102-DC49-428F-889D-28D2D537A35F}"
EndProject
Global
	GlobalSection(SolutionConfigurationPlatforms) = preSolution
		Debug|Any CPU = Debug|Any CPU
		Release|Any CPU = Release|Any CPU
	EndGlobalSection
	GlobalSection(ProjectConfigurationPlatforms) = postSolution
		{667D9102-DC49-428F-889D-28D2D537A35F}.Debug|Any CPU.ActiveCfg = Debug|Any CPU
		{667D9102-DC49-428F-889D-28D2D537A35F}.Debug|Any CPU.Build.0 = Debug|Any CPU
		{667D9102-DC49-428F-889D-28D2D537A35F}.Release|Any CPU.ActiveCfg = Release|Any CPU
		{667D9102-DC49-428F-889D-28D2D537A35F}.Release|Any CPU.Build.0 = Release|Any CPU
	EndGlobalSection
	GlobalSection(SolutionProperties) = preSolution
		HideSolutionNode = FALSE
	EndGlobalSection
	GlobalSection(ExtensibilityGlobals) = postSolution
		SolutionGuid = {C6199C6B-6843-41F0-8034-4ADABF8B7C65}
	EndGlobalSection
EndGlobal
